Microsoft Visual Studio Solution File, Format Version 12.00
# Visual Studio 15
Project("{8BC9CEB8-8B4A-11D0-8D11-00A0C91BC942}") = "ALL_BUILD", "ALL_BUILD.vcxproj", "{9C2332C6-0E98-31F3-9227-585C2B697E02}"
	ProjectSection(ProjectDependencies) = postProject
		{12832331-929D-347B-8CB7-6318FA660706} = {12832331-929D-347B-8CB7-6318FA660706}
	EndProjectSection
EndProject
Project("{8BC9CEB8-8B4A-11D0-8D11-00A0C91BC942}") = "Assignment4", "Assignment4.vcxproj", "{12832331-929D-347B-8CB7-6318FA660706}"
	ProjectSection(ProjectDependencies) = postProject
	EndProjectSection
EndProject
Global
	GlobalSection(SolutionConfigurationPlatforms) = preSolution
		Debug|Win32 = Debug|Win32
		Release|Win32 = Release|Win32
		MinSizeRel|Win32 = MinSizeRel|Win32
		RelWithDebInfo|Win32 = RelWithDebInfo|Win32
	EndGlobalSection
	GlobalSection(ProjectConfigurationPlatforms) = postSolution
		{9C2332C6-0E98-31F3-9227-585C2B697E02}.Debug|Win32.ActiveCfg = Debug|Win32
		{9C2332C6-0E98-31F3-9227-585C2B697E02}.Release|Win32.ActiveCfg = Release|Win32
		{9C2332C6-0E98-31F3-9227-585C2B697E02}.MinSizeRel|Win32.ActiveCfg = MinSizeRel|Win32
		{9C2332C6-0E98-31F3-9227-585C2B697E02}.RelWithDebInfo|Win32.ActiveCfg = RelWithDebInfo|Win32
		{12832331-929D-347B-8CB7-6318FA660706}.Debug|Win32.ActiveCfg = Debug|Win32
		{12832331-929D-347B-8CB7-6318FA660706}.Debug|Win32.Build.0 = Debug|Win32
		{12832331-929D-347B-8CB7-6318FA660706}.Release|Win32.ActiveCfg = Release|Win32
		{12832331-929D-347B-8CB7-6318FA660706}.Release|Win32.Build.0 = Release|Win32
		{12832331-929D-347B-8CB7-6318FA660706}.MinSizeRel|Win32.ActiveCfg = MinSizeRel|Win32
		{12832331-929D-347B-8CB7-6318FA660706}.MinSizeRel|Win32.Build.0 = MinSizeRel|Win32
		{12832331-929D-347B-8CB7-6318FA660706}.RelWithDebInfo|Win32.ActiveCfg = RelWithDebInfo|Win32
		{12832331-929D-347B-8CB7-6318FA660706}.RelWithDebInfo|Win32.Build.0 = RelWithDebInfo|Win32
	EndGlobalSection
	GlobalSection(ExtensibilityGlobals) = postSolution
		SolutionGuid = {3FB3A6B6-ABC2-301C-9246-0F8C58B201DA}
	EndGlobalSection
	GlobalSection(ExtensibilityAddIns) = postSolution
	EndGlobalSection
EndGlobal
